// !$*UTF8*$!
{
	archiveVersion = 1;
	classes = {
	};
	objectVersion = 56;
	objects = {

/* Begin PBXBuildFile section */
		FB1392542A47308600CA5616 /* PopKit.framework in Frameworks */ = {isa = PBXBuildFile; fileRef = FB13924B2A47308600CA5616 /* PopKit.framework */; };
		FB1392592A47308600CA5616 /* PopKitTests.swift in Sources */ = {isa = PBXBuildFile; fileRef = FB1392582A47308600CA5616 /* PopKitTests.swift */; };
		FB13925A2A47308600CA5616 /* PopKit.h in Headers */ = {isa = PBXBuildFile; fileRef = FB13924E2A47308600CA5616 /* PopKit.h */; settings = {ATTRIBUTES = (Public, ); }; };
		FB13926A2A4731FE00CA5616 /* PopKitExampleApp.swift in Sources */ = {isa = PBXBuildFile; fileRef = FB1392692A4731FE00CA5616 /* PopKitExampleApp.swift */; };
		FB13926C2A4731FE00CA5616 /* ContentView.swift in Sources */ = {isa = PBXBuildFile; fileRef = FB13926B2A4731FE00CA5616 /* ContentView.swift */; };
		FB13926E2A47320000CA5616 /* Assets.xcassets in Resources */ = {isa = PBXBuildFile; fileRef = FB13926D2A47320000CA5616 /* Assets.xcassets */; };
		FB1392712A47320000CA5616 /* Preview Assets.xcassets in Resources */ = {isa = PBXBuildFile; fileRef = FB1392702A47320000CA5616 /* Preview Assets.xcassets */; };
		FB1392762A4732A100CA5616 /* Theme.swift in Sources */ = {isa = PBXBuildFile; fileRef = FB1392752A4732A100CA5616 /* Theme.swift */; };
		FB1392782A47333F00CA5616 /* PopKit.swift in Sources */ = {isa = PBXBuildFile; fileRef = FB1392772A47333F00CA5616 /* PopKit.swift */; };
		FB13929A2A47408400CA5616 /* main.swift in Sources */ = {isa = PBXBuildFile; fileRef = FB1392992A47408400CA5616 /* main.swift */; };
		FB1392AB2A4740B200CA5616 /* PopKitGenHelper.framework in Frameworks */ = {isa = PBXBuildFile; fileRef = FB1392A32A4740B200CA5616 /* PopKitGenHelper.framework */; };
		FB1392B12A4740B200CA5616 /* PopKitGenHelper.h in Headers */ = {isa = PBXBuildFile; fileRef = FB1392A52A4740B200CA5616 /* PopKitGenHelper.h */; settings = {ATTRIBUTES = (Public, ); }; };
		FB1392BB2A47414700CA5616 /* String+cased.swift in Sources */ = {isa = PBXBuildFile; fileRef = FB1392BA2A47414700CA5616 /* String+cased.swift */; };
		FB1392C42A486E0A00CA5616 /* ColorBuilder.swift in Sources */ = {isa = PBXBuildFile; fileRef = FB1392C32A486E0A00CA5616 /* ColorBuilder.swift */; };
		FB1392C72A486F6700CA5616 /* PKColor.swift in Sources */ = {isa = PBXBuildFile; fileRef = FB1392C62A486F6700CA5616 /* PKColor.swift */; };
		FB1392C92A48731500CA5616 /* PKColor+Apollo.swift in Sources */ = {isa = PBXBuildFile; fileRef = FB1392C82A48731500CA5616 /* PKColor+Apollo.swift */; };
		FB1392CB2A48733A00CA5616 /* PKColor+VanGogh.swift in Sources */ = {isa = PBXBuildFile; fileRef = FB1392CA2A48733A00CA5616 /* PKColor+VanGogh.swift */; };
		FB1392CE2A4873E500CA5616 /* UIColor+Hex.swift in Sources */ = {isa = PBXBuildFile; fileRef = FB1392CD2A4873E500CA5616 /* UIColor+Hex.swift */; };
		FB1392D02A48763200CA5616 /* FlattenKey.swift in Sources */ = {isa = PBXBuildFile; fileRef = FB1392CF2A48763200CA5616 /* FlattenKey.swift */; };
		FB1392D22A48774E00CA5616 /* Array+unique.swift in Sources */ = {isa = PBXBuildFile; fileRef = FB1392D12A48774E00CA5616 /* Array+unique.swift */; };
		FB1392D42A488A0000CA5616 /* SwiftCodeBuilder.swift in Sources */ = {isa = PBXBuildFile; fileRef = FB1392D32A488A0000CA5616 /* SwiftCodeBuilder.swift */; };
		FB1392D62A488E7E00CA5616 /* SwiftCodeBuilder+PKColor.swift in Sources */ = {isa = PBXBuildFile; fileRef = FB1392D52A488E7E00CA5616 /* SwiftCodeBuilder+PKColor.swift */; };
		FB1392D82A48924400CA5616 /* FlattenKeyTests.swift in Sources */ = {isa = PBXBuildFile; fileRef = FB1392D72A48924400CA5616 /* FlattenKeyTests.swift */; };
		FB1392DA2A4893A400CA5616 /* String+casedTests.swift in Sources */ = {isa = PBXBuildFile; fileRef = FB1392D92A4893A400CA5616 /* String+casedTests.swift */; };
		FB1392DC2A4895AF00CA5616 /* Array+uniqueTests.swift in Sources */ = {isa = PBXBuildFile; fileRef = FB1392DB2A4895AF00CA5616 /* Array+uniqueTests.swift */; };
		FB1392DE2A48965900CA5616 /* SwiftCodeBuilderTests.swift in Sources */ = {isa = PBXBuildFile; fileRef = FB1392DD2A48965900CA5616 /* SwiftCodeBuilderTests.swift */; };
		FB1392E02A48979500CA5616 /* SwiftCodeBuilder+PKColorTests.swift in Sources */ = {isa = PBXBuildFile; fileRef = FB1392DF2A48979500CA5616 /* SwiftCodeBuilder+PKColorTests.swift */; };
/* End PBXBuildFile section */

/* Begin PBXContainerItemProxy section */
		FB1392552A47308600CA5616 /* PBXContainerItemProxy */ = {
			isa = PBXContainerItemProxy;
			containerPortal = FB1392422A47308600CA5616 /* Project object */;
			proxyType = 1;
			remoteGlobalIDString = FB13924A2A47308600CA5616;
			remoteInfo = PopKit;
		};
		FB1392AC2A4740B200CA5616 /* PBXContainerItemProxy */ = {
			isa = PBXContainerItemProxy;
			containerPortal = FB1392422A47308600CA5616 /* Project object */;
			proxyType = 1;
			remoteGlobalIDString = FB1392A22A4740B200CA5616;
			remoteInfo = PopKitGenHelper;
		};
		FB1392B82A4740CC00CA5616 /* PBXContainerItemProxy */ = {
			isa = PBXContainerItemProxy;
			containerPortal = FB1392422A47308600CA5616 /* Project object */;
			proxyType = 1;
			remoteGlobalIDString = FB1392A22A4740B200CA5616;
			remoteInfo = PopKitGenHelper;
		};
		FB1392E12A48A64E00CA5616 /* PBXContainerItemProxy */ = {
			isa = PBXContainerItemProxy;
			containerPortal = FB1392422A47308600CA5616 /* Project object */;
			proxyType = 1;
			remoteGlobalIDString = FB13924A2A47308600CA5616;
			remoteInfo = PopKit;
		};
/* End PBXContainerItemProxy section */

/* Begin PBXCopyFilesBuildPhase section */
		FB1392952A47408400CA5616 /* CopyFiles */ = {
			isa = PBXCopyFilesBuildPhase;
			buildActionMask = 2147483647;
			dstPath = /usr/share/man/man1/;
			dstSubfolderSpec = 0;
			files = (
			);
			runOnlyForDeploymentPostprocessing = 1;
		};
/* End PBXCopyFilesBuildPhase section */

/* Begin PBXFileReference section */
		FB13924B2A47308600CA5616 /* PopKit.framework */ = {isa = PBXFileReference; explicitFileType = wrapper.framework; includeInIndex = 0; path = PopKit.framework; sourceTree = BUILT_PRODUCTS_DIR; };
		FB13924E2A47308600CA5616 /* PopKit.h */ = {isa = PBXFileReference; lastKnownFileType = sourcecode.c.h; path = PopKit.h; sourceTree = "<group>"; };
		FB1392532A47308600CA5616 /* PopKitTests.xctest */ = {isa = PBXFileReference; explicitFileType = wrapper.cfbundle; includeInIndex = 0; path = PopKitTests.xctest; sourceTree = BUILT_PRODUCTS_DIR; };
		FB1392582A47308600CA5616 /* PopKitTests.swift */ = {isa = PBXFileReference; lastKnownFileType = sourcecode.swift; path = PopKitTests.swift; sourceTree = "<group>"; };
		FB1392672A4731FE00CA5616 /* PopKitExample.app */ = {isa = PBXFileReference; explicitFileType = wrapper.application; includeInIndex = 0; path = PopKitExample.app; sourceTree = BUILT_PRODUCTS_DIR; };
		FB1392692A4731FE00CA5616 /* PopKitExampleApp.swift */ = {isa = PBXFileReference; lastKnownFileType = sourcecode.swift; path = PopKitExampleApp.swift; sourceTree = "<group>"; };
		FB13926B2A4731FE00CA5616 /* ContentView.swift */ = {isa = PBXFileReference; lastKnownFileType = sourcecode.swift; path = ContentView.swift; sourceTree = "<group>"; };
		FB13926D2A47320000CA5616 /* Assets.xcassets */ = {isa = PBXFileReference; lastKnownFileType = folder.assetcatalog; path = Assets.xcassets; sourceTree = "<group>"; };
		FB1392702A47320000CA5616 /* Preview Assets.xcassets */ = {isa = PBXFileReference; lastKnownFileType = folder.assetcatalog; path = "Preview Assets.xcassets"; sourceTree = "<group>"; };
		FB1392752A4732A100CA5616 /* Theme.swift */ = {isa = PBXFileReference; lastKnownFileType = sourcecode.swift; path = Theme.swift; sourceTree = "<group>"; };
		FB1392772A47333F00CA5616 /* PopKit.swift */ = {isa = PBXFileReference; lastKnownFileType = sourcecode.swift; path = PopKit.swift; sourceTree = "<group>"; };
		FB1392972A47408400CA5616 /* PopKitGen */ = {isa = PBXFileReference; explicitFileType = "compiled.mach-o.executable"; includeInIndex = 0; path = PopKitGen; sourceTree = BUILT_PRODUCTS_DIR; };
		FB1392992A47408400CA5616 /* main.swift */ = {isa = PBXFileReference; lastKnownFileType = sourcecode.swift; path = main.swift; sourceTree = "<group>"; };
		FB1392A32A4740B200CA5616 /* PopKitGenHelper.framework */ = {isa = PBXFileReference; explicitFileType = wrapper.framework; includeInIndex = 0; path = PopKitGenHelper.framework; sourceTree = BUILT_PRODUCTS_DIR; };
		FB1392A52A4740B200CA5616 /* PopKitGenHelper.h */ = {isa = PBXFileReference; lastKnownFileType = sourcecode.c.h; path = PopKitGenHelper.h; sourceTree = "<group>"; };
		FB1392AA2A4740B200CA5616 /* PopKitGenHelperTests.xctest */ = {isa = PBXFileReference; explicitFileType = wrapper.cfbundle; includeInIndex = 0; path = PopKitGenHelperTests.xctest; sourceTree = BUILT_PRODUCTS_DIR; };
		FB1392BA2A47414700CA5616 /* String+cased.swift */ = {isa = PBXFileReference; lastKnownFileType = sourcecode.swift; path = "String+cased.swift"; sourceTree = "<group>"; };
		FB1392C12A486C6C00CA5616 /* Apollo.json */ = {isa = PBXFileReference; lastKnownFileType = text.json; path = Apollo.json; sourceTree = "<group>"; };
		FB1392C32A486E0A00CA5616 /* ColorBuilder.swift */ = {isa = PBXFileReference; lastKnownFileType = sourcecode.swift; path = ColorBuilder.swift; sourceTree = "<group>"; };
		FB1392C62A486F6700CA5616 /* PKColor.swift */ = {isa = PBXFileReference; lastKnownFileType = sourcecode.swift; path = PKColor.swift; sourceTree = "<group>"; };
		FB1392C82A48731500CA5616 /* PKColor+Apollo.swift */ = {isa = PBXFileReference; lastKnownFileType = sourcecode.swift; path = "PKColor+Apollo.swift"; sourceTree = "<group>"; };
		FB1392CA2A48733A00CA5616 /* PKColor+VanGogh.swift */ = {isa = PBXFileReference; lastKnownFileType = sourcecode.swift; path = "PKColor+VanGogh.swift"; sourceTree = "<group>"; };
		FB1392CC2A48737E00CA5616 /* VanGogh.json */ = {isa = PBXFileReference; lastKnownFileType = text.json; path = VanGogh.json; sourceTree = "<group>"; };
		FB1392CD2A4873E500CA5616 /* UIColor+Hex.swift */ = {isa = PBXFileReference; lastKnownFileType = sourcecode.swift; path = "UIColor+Hex.swift"; sourceTree = "<group>"; };
		FB1392CF2A48763200CA5616 /* FlattenKey.swift */ = {isa = PBXFileReference; lastKnownFileType = sourcecode.swift; path = FlattenKey.swift; sourceTree = "<group>"; };
		FB1392D12A48774E00CA5616 /* Array+unique.swift */ = {isa = PBXFileReference; lastKnownFileType = sourcecode.swift; path = "Array+unique.swift"; sourceTree = "<group>"; };
		FB1392D32A488A0000CA5616 /* SwiftCodeBuilder.swift */ = {isa = PBXFileReference; lastKnownFileType = sourcecode.swift; path = SwiftCodeBuilder.swift; sourceTree = "<group>"; };
		FB1392D52A488E7E00CA5616 /* SwiftCodeBuilder+PKColor.swift */ = {isa = PBXFileReference; lastKnownFileType = sourcecode.swift; path = "SwiftCodeBuilder+PKColor.swift"; sourceTree = "<group>"; };
		FB1392D72A48924400CA5616 /* FlattenKeyTests.swift */ = {isa = PBXFileReference; lastKnownFileType = sourcecode.swift; path = FlattenKeyTests.swift; sourceTree = "<group>"; };
		FB1392D92A4893A400CA5616 /* String+casedTests.swift */ = {isa = PBXFileReference; lastKnownFileType = sourcecode.swift; path = "String+casedTests.swift"; sourceTree = "<group>"; };
		FB1392DB2A4895AF00CA5616 /* Array+uniqueTests.swift */ = {isa = PBXFileReference; lastKnownFileType = sourcecode.swift; path = "Array+uniqueTests.swift"; sourceTree = "<group>"; };
		FB1392DD2A48965900CA5616 /* SwiftCodeBuilderTests.swift */ = {isa = PBXFileReference; lastKnownFileType = sourcecode.swift; path = SwiftCodeBuilderTests.swift; sourceTree = "<group>"; };
		FB1392DF2A48979500CA5616 /* SwiftCodeBuilder+PKColorTests.swift */ = {isa = PBXFileReference; lastKnownFileType = sourcecode.swift; path = "SwiftCodeBuilder+PKColorTests.swift"; sourceTree = "<group>"; };
/* End PBXFileReference section */

/* Begin PBXFrameworksBuildPhase section */
		FB1392482A47308600CA5616 /* Frameworks */ = {
			isa = PBXFrameworksBuildPhase;
			buildActionMask = 2147483647;
			files = (
			);
			runOnlyForDeploymentPostprocessing = 0;
		};
		FB1392502A47308600CA5616 /* Frameworks */ = {
			isa = PBXFrameworksBuildPhase;
			buildActionMask = 2147483647;
			files = (
				FB1392542A47308600CA5616 /* PopKit.framework in Frameworks */,
			);
			runOnlyForDeploymentPostprocessing = 0;
		};
		FB1392642A4731FE00CA5616 /* Frameworks */ = {
			isa = PBXFrameworksBuildPhase;
			buildActionMask = 2147483647;
			files = (
			);
			runOnlyForDeploymentPostprocessing = 0;
		};
		FB1392942A47408400CA5616 /* Frameworks */ = {
			isa = PBXFrameworksBuildPhase;
			buildActionMask = 2147483647;
			files = (
			);
			runOnlyForDeploymentPostprocessing = 0;
		};
		FB1392A02A4740B200CA5616 /* Frameworks */ = {
			isa = PBXFrameworksBuildPhase;
			buildActionMask = 2147483647;
			files = (
			);
			runOnlyForDeploymentPostprocessing = 0;
		};
		FB1392A72A4740B200CA5616 /* Frameworks */ = {
			isa = PBXFrameworksBuildPhase;
			buildActionMask = 2147483647;
			files = (
				FB1392AB2A4740B200CA5616 /* PopKitGenHelper.framework in Frameworks */,
			);
			runOnlyForDeploymentPostprocessing = 0;
		};
/* End PBXFrameworksBuildPhase section */

/* Begin PBXGroup section */
		FB1392412A47308600CA5616 = {
			isa = PBXGroup;
			children = (
				FB13924D2A47308600CA5616 /* PopKit */,
				FB1392572A47308600CA5616 /* PopKitTests */,
				FB1392682A4731FE00CA5616 /* PopKitExample */,
				FB1392982A47408400CA5616 /* PopKitGen */,
				FB1392A42A4740B200CA5616 /* PopKitGenHelper */,
				FB1392AE2A4740B200CA5616 /* PopKitGenHelperTests */,
				FB13924C2A47308600CA5616 /* Products */,
				FB1392BD2A47D8F800CA5616 /* Frameworks */,
			);
			sourceTree = "<group>";
		};
		FB13924C2A47308600CA5616 /* Products */ = {
			isa = PBXGroup;
			children = (
				FB13924B2A47308600CA5616 /* PopKit.framework */,
				FB1392532A47308600CA5616 /* PopKitTests.xctest */,
				FB1392672A4731FE00CA5616 /* PopKitExample.app */,
				FB1392972A47408400CA5616 /* PopKitGen */,
				FB1392A32A4740B200CA5616 /* PopKitGenHelper.framework */,
				FB1392AA2A4740B200CA5616 /* PopKitGenHelperTests.xctest */,
			);
			name = Products;
			sourceTree = "<group>";
		};
		FB13924D2A47308600CA5616 /* PopKit */ = {
			isa = PBXGroup;
			children = (
				FB1392BF2A486BCC00CA5616 /* Sources */,
				FB1392C02A486C2200CA5616 /* DesignAssets */,
				FB13924E2A47308600CA5616 /* PopKit.h */,
			);
			path = PopKit;
			sourceTree = "<group>";
		};
		FB1392572A47308600CA5616 /* PopKitTests */ = {
			isa = PBXGroup;
			children = (
				FB1392582A47308600CA5616 /* PopKitTests.swift */,
			);
			path = PopKitTests;
			sourceTree = "<group>";
		};
		FB1392682A4731FE00CA5616 /* PopKitExample */ = {
			isa = PBXGroup;
			children = (
				FB1392692A4731FE00CA5616 /* PopKitExampleApp.swift */,
				FB13926B2A4731FE00CA5616 /* ContentView.swift */,
				FB13926D2A47320000CA5616 /* Assets.xcassets */,
				FB13926F2A47320000CA5616 /* Preview Content */,
			);
			path = PopKitExample;
			sourceTree = "<group>";
		};
		FB13926F2A47320000CA5616 /* Preview Content */ = {
			isa = PBXGroup;
			children = (
				FB1392702A47320000CA5616 /* Preview Assets.xcassets */,
			);
			path = "Preview Content";
			sourceTree = "<group>";
		};
		FB1392982A47408400CA5616 /* PopKitGen */ = {
			isa = PBXGroup;
			children = (
				FB1392992A47408400CA5616 /* main.swift */,
			);
			path = PopKitGen;
			sourceTree = "<group>";
		};
		FB1392A42A4740B200CA5616 /* PopKitGenHelper */ = {
			isa = PBXGroup;
			children = (
				FB1392A52A4740B200CA5616 /* PopKitGenHelper.h */,
				FB1392BA2A47414700CA5616 /* String+cased.swift */,
				FB1392CF2A48763200CA5616 /* FlattenKey.swift */,
				FB1392D12A48774E00CA5616 /* Array+unique.swift */,
				FB1392D32A488A0000CA5616 /* SwiftCodeBuilder.swift */,
				FB1392D52A488E7E00CA5616 /* SwiftCodeBuilder+PKColor.swift */,
			);
			path = PopKitGenHelper;
			sourceTree = "<group>";
		};
		FB1392AE2A4740B200CA5616 /* PopKitGenHelperTests */ = {
			isa = PBXGroup;
			children = (
				FB1392D72A48924400CA5616 /* FlattenKeyTests.swift */,
				FB1392D92A4893A400CA5616 /* String+casedTests.swift */,
				FB1392DB2A4895AF00CA5616 /* Array+uniqueTests.swift */,
				FB1392DD2A48965900CA5616 /* SwiftCodeBuilderTests.swift */,
				FB1392DF2A48979500CA5616 /* SwiftCodeBuilder+PKColorTests.swift */,
			);
			path = PopKitGenHelperTests;
			sourceTree = "<group>";
		};
		FB1392BD2A47D8F800CA5616 /* Frameworks */ = {
			isa = PBXGroup;
			children = (
			);
			name = Frameworks;
			sourceTree = "<group>";
		};
		FB1392BF2A486BCC00CA5616 /* Sources */ = {
			isa = PBXGroup;
			children = (
				FB1392C22A486DDB00CA5616 /* Color */,
				FB1392752A4732A100CA5616 /* Theme.swift */,
				FB1392772A47333F00CA5616 /* PopKit.swift */,
			);
			path = Sources;
			sourceTree = "<group>";
		};
		FB1392C02A486C2200CA5616 /* DesignAssets */ = {
			isa = PBXGroup;
			children = (
				FB1392C12A486C6C00CA5616 /* Apollo.json */,
				FB1392CC2A48737E00CA5616 /* VanGogh.json */,
			);
			path = DesignAssets;
			sourceTree = "<group>";
		};
		FB1392C22A486DDB00CA5616 /* Color */ = {
			isa = PBXGroup;
			children = (
				FB1392C32A486E0A00CA5616 /* ColorBuilder.swift */,
				FB1392C52A486E4E00CA5616 /* Generated */,
				FB1392CD2A4873E500CA5616 /* UIColor+Hex.swift */,
			);
			path = Color;
			sourceTree = "<group>";
		};
		FB1392C52A486E4E00CA5616 /* Generated */ = {
			isa = PBXGroup;
			children = (
				FB1392C62A486F6700CA5616 /* PKColor.swift */,
				FB1392C82A48731500CA5616 /* PKColor+Apollo.swift */,
				FB1392CA2A48733A00CA5616 /* PKColor+VanGogh.swift */,
			);
			path = Generated;
			sourceTree = "<group>";
		};
/* End PBXGroup section */

/* Begin PBXHeadersBuildPhase section */
		FB1392462A47308600CA5616 /* Headers */ = {
			isa = PBXHeadersBuildPhase;
			buildActionMask = 2147483647;
			files = (
				FB13925A2A47308600CA5616 /* PopKit.h in Headers */,
			);
			runOnlyForDeploymentPostprocessing = 0;
		};
		FB13929E2A4740B200CA5616 /* Headers */ = {
			isa = PBXHeadersBuildPhase;
			buildActionMask = 2147483647;
			files = (
				FB1392B12A4740B200CA5616 /* PopKitGenHelper.h in Headers */,
			);
			runOnlyForDeploymentPostprocessing = 0;
		};
/* End PBXHeadersBuildPhase section */

/* Begin PBXNativeTarget section */
		FB13924A2A47308600CA5616 /* PopKit */ = {
			isa = PBXNativeTarget;
			buildConfigurationList = FB13925D2A47308600CA5616 /* Build configuration list for PBXNativeTarget "PopKit" */;
			buildPhases = (
				FB1392462A47308600CA5616 /* Headers */,
				FB1392472A47308600CA5616 /* Sources */,
				FB1392482A47308600CA5616 /* Frameworks */,
				FB1392492A47308600CA5616 /* Resources */,
			);
			buildRules = (
			);
			dependencies = (
			);
			name = PopKit;
			productName = PopKit;
			productReference = FB13924B2A47308600CA5616 /* PopKit.framework */;
			productType = "com.apple.product-type.framework";
		};
		FB1392522A47308600CA5616 /* PopKitTests */ = {
			isa = PBXNativeTarget;
			buildConfigurationList = FB1392602A47308600CA5616 /* Build configuration list for PBXNativeTarget "PopKitTests" */;
			buildPhases = (
				FB13924F2A47308600CA5616 /* Sources */,
				FB1392502A47308600CA5616 /* Frameworks */,
				FB1392512A47308600CA5616 /* Resources */,
			);
			buildRules = (
			);
			dependencies = (
				FB1392562A47308600CA5616 /* PBXTargetDependency */,
			);
			name = PopKitTests;
			productName = PopKitTests;
			productReference = FB1392532A47308600CA5616 /* PopKitTests.xctest */;
			productType = "com.apple.product-type.bundle.unit-test";
		};
		FB1392662A4731FE00CA5616 /* PopKitExample */ = {
			isa = PBXNativeTarget;
			buildConfigurationList = FB1392742A47320000CA5616 /* Build configuration list for PBXNativeTarget "PopKitExample" */;
			buildPhases = (
				FB1392632A4731FE00CA5616 /* Sources */,
				FB1392642A4731FE00CA5616 /* Frameworks */,
				FB1392652A4731FE00CA5616 /* Resources */,
			);
			buildRules = (
			);
			dependencies = (
				FB1392E22A48A64E00CA5616 /* PBXTargetDependency */,
			);
			name = PopKitExample;
			productName = PopKitExample;
			productReference = FB1392672A4731FE00CA5616 /* PopKitExample.app */;
			productType = "com.apple.product-type.application";
		};
		FB1392962A47408400CA5616 /* PopKitGen */ = {
			isa = PBXNativeTarget;
			buildConfigurationList = FB13929B2A47408400CA5616 /* Build configuration list for PBXNativeTarget "PopKitGen" */;
			buildPhases = (
				FB1392932A47408400CA5616 /* Sources */,
				FB1392942A47408400CA5616 /* Frameworks */,
				FB1392952A47408400CA5616 /* CopyFiles */,
			);
			buildRules = (
			);
			dependencies = (
				FB1392B92A4740CC00CA5616 /* PBXTargetDependency */,
			);
			name = PopKitGen;
			productName = PopKitGen;
			productReference = FB1392972A47408400CA5616 /* PopKitGen */;
			productType = "com.apple.product-type.tool";
		};
		FB1392A22A4740B200CA5616 /* PopKitGenHelper */ = {
			isa = PBXNativeTarget;
			buildConfigurationList = FB1392B22A4740B200CA5616 /* Build configuration list for PBXNativeTarget "PopKitGenHelper" */;
			buildPhases = (
				FB13929E2A4740B200CA5616 /* Headers */,
				FB13929F2A4740B200CA5616 /* Sources */,
				FB1392A02A4740B200CA5616 /* Frameworks */,
				FB1392A12A4740B200CA5616 /* Resources */,
			);
			buildRules = (
			);
			dependencies = (
			);
			name = PopKitGenHelper;
			productName = PopKitGenHelper;
			productReference = FB1392A32A4740B200CA5616 /* PopKitGenHelper.framework */;
			productType = "com.apple.product-type.framework";
		};
		FB1392A92A4740B200CA5616 /* PopKitGenHelperTests */ = {
			isa = PBXNativeTarget;
			buildConfigurationList = FB1392B52A4740B200CA5616 /* Build configuration list for PBXNativeTarget "PopKitGenHelperTests" */;
			buildPhases = (
				FB1392A62A4740B200CA5616 /* Sources */,
				FB1392A72A4740B200CA5616 /* Frameworks */,
				FB1392A82A4740B200CA5616 /* Resources */,
			);
			buildRules = (
			);
			dependencies = (
				FB1392AD2A4740B200CA5616 /* PBXTargetDependency */,
			);
			name = PopKitGenHelperTests;
			productName = PopKitGenHelperTests;
			productReference = FB1392AA2A4740B200CA5616 /* PopKitGenHelperTests.xctest */;
			productType = "com.apple.product-type.bundle.unit-test";
		};
/* End PBXNativeTarget section */

/* Begin PBXProject section */
		FB1392422A47308600CA5616 /* Project object */ = {
			isa = PBXProject;
			attributes = {
				BuildIndependentTargetsInParallel = 1;
				LastSwiftUpdateCheck = 1430;
				LastUpgradeCheck = 1430;
				TargetAttributes = {
					FB13924A2A47308600CA5616 = {
						CreatedOnToolsVersion = 14.3.1;
						LastSwiftMigration = 1430;
					};
					FB1392522A47308600CA5616 = {
						CreatedOnToolsVersion = 14.3.1;
					};
					FB1392662A4731FE00CA5616 = {
						CreatedOnToolsVersion = 14.3.1;
					};
					FB1392962A47408400CA5616 = {
						CreatedOnToolsVersion = 14.3.1;
					};
					FB1392A22A4740B200CA5616 = {
						CreatedOnToolsVersion = 14.3.1;
						LastSwiftMigration = 1430;
					};
					FB1392A92A4740B200CA5616 = {
						CreatedOnToolsVersion = 14.3.1;
					};
				};
			};
			buildConfigurationList = FB1392452A47308600CA5616 /* Build configuration list for PBXProject "PopKit" */;
			compatibilityVersion = "Xcode 14.0";
			developmentRegion = en;
			hasScannedForEncodings = 0;
			knownRegions = (
				en,
				Base,
			);
			mainGroup = FB1392412A47308600CA5616;
			productRefGroup = FB13924C2A47308600CA5616 /* Products */;
			projectDirPath = "";
			projectRoot = "";
			targets = (
				FB13924A2A47308600CA5616 /* PopKit */,
				FB1392522A47308600CA5616 /* PopKitTests */,
				FB1392662A4731FE00CA5616 /* PopKitExample */,
				FB1392962A47408400CA5616 /* PopKitGen */,
				FB1392A22A4740B200CA5616 /* PopKitGenHelper */,
				FB1392A92A4740B200CA5616 /* PopKitGenHelperTests */,
			);
		};
/* End PBXProject section */

/* Begin PBXResourcesBuildPhase section */
		FB1392492A47308600CA5616 /* Resources */ = {
			isa = PBXResourcesBuildPhase;
			buildActionMask = 2147483647;
			files = (
			);
			runOnlyForDeploymentPostprocessing = 0;
		};
		FB1392512A47308600CA5616 /* Resources */ = {
			isa = PBXResourcesBuildPhase;
			buildActionMask = 2147483647;
			files = (
			);
			runOnlyForDeploymentPostprocessing = 0;
		};
		FB1392652A4731FE00CA5616 /* Resources */ = {
			isa = PBXResourcesBuildPhase;
			buildActionMask = 2147483647;
			files = (
				FB1392712A47320000CA5616 /* Preview Assets.xcassets in Resources */,
				FB13926E2A47320000CA5616 /* Assets.xcassets in Resources */,
			);
			runOnlyForDeploymentPostprocessing = 0;
		};
		FB1392A12A4740B200CA5616 /* Resources */ = {
			isa = PBXResourcesBuildPhase;
			buildActionMask = 2147483647;
			files = (
			);
			runOnlyForDeploymentPostprocessing = 0;
		};
		FB1392A82A4740B200CA5616 /* Resources */ = {
			isa = PBXResourcesBuildPhase;
			buildActionMask = 2147483647;
			files = (
			);
			runOnlyForDeploymentPostprocessing = 0;
		};
/* End PBXResourcesBuildPhase section */

/* Begin PBXSourcesBuildPhase section */
		FB1392472A47308600CA5616 /* Sources */ = {
			isa = PBXSourcesBuildPhase;
			buildActionMask = 2147483647;
			files = (
				FB1392CE2A4873E500CA5616 /* UIColor+Hex.swift in Sources */,
				FB1392C92A48731500CA5616 /* PKColor+Apollo.swift in Sources */,
				FB1392782A47333F00CA5616 /* PopKit.swift in Sources */,
				FB1392C42A486E0A00CA5616 /* ColorBuilder.swift in Sources */,
				FB1392CB2A48733A00CA5616 /* PKColor+VanGogh.swift in Sources */,
				FB1392C72A486F6700CA5616 /* PKColor.swift in Sources */,
				FB1392762A4732A100CA5616 /* Theme.swift in Sources */,
			);
			runOnlyForDeploymentPostprocessing = 0;
		};
		FB13924F2A47308600CA5616 /* Sources */ = {
			isa = PBXSourcesBuildPhase;
			buildActionMask = 2147483647;
			files = (
				FB1392592A47308600CA5616 /* PopKitTests.swift in Sources */,
			);
			runOnlyForDeploymentPostprocessing = 0;
		};
		FB1392632A4731FE00CA5616 /* Sources */ = {
			isa = PBXSourcesBuildPhase;
			buildActionMask = 2147483647;
			files = (
				FB13926C2A4731FE00CA5616 /* ContentView.swift in Sources */,
				FB13926A2A4731FE00CA5616 /* PopKitExampleApp.swift in Sources */,
			);
			runOnlyForDeploymentPostprocessing = 0;
		};
		FB1392932A47408400CA5616 /* Sources */ = {
			isa = PBXSourcesBuildPhase;
			buildActionMask = 2147483647;
			files = (
				FB13929A2A47408400CA5616 /* main.swift in Sources */,
			);
			runOnlyForDeploymentPostprocessing = 0;
		};
		FB13929F2A4740B200CA5616 /* Sources */ = {
			isa = PBXSourcesBuildPhase;
			buildActionMask = 2147483647;
			files = (
				FB1392D42A488A0000CA5616 /* SwiftCodeBuilder.swift in Sources */,
				FB1392D02A48763200CA5616 /* FlattenKey.swift in Sources */,
				FB1392D62A488E7E00CA5616 /* SwiftCodeBuilder+PKColor.swift in Sources */,
				FB1392BB2A47414700CA5616 /* String+cased.swift in Sources */,
				FB1392D22A48774E00CA5616 /* Array+unique.swift in Sources */,
			);
			runOnlyForDeploymentPostprocessing = 0;
		};
		FB1392A62A4740B200CA5616 /* Sources */ = {
			isa = PBXSourcesBuildPhase;
			buildActionMask = 2147483647;
			files = (
				FB1392DE2A48965900CA5616 /* SwiftCodeBuilderTests.swift in Sources */,
				FB1392D82A48924400CA5616 /* FlattenKeyTests.swift in Sources */,
				FB1392DC2A4895AF00CA5616 /* Array+uniqueTests.swift in Sources */,
				FB1392E02A48979500CA5616 /* SwiftCodeBuilder+PKColorTests.swift in Sources */,
				FB1392DA2A4893A400CA5616 /* String+casedTests.swift in Sources */,
			);
			runOnlyForDeploymentPostprocessing = 0;
		};
/* End PBXSourcesBuildPhase section */

/* Begin PBXTargetDependency section */
		FB1392562A47308600CA5616 /* PBXTargetDependency */ = {
			isa = PBXTargetDependency;
			target = FB13924A2A47308600CA5616 /* PopKit */;
			targetProxy = FB1392552A47308600CA5616 /* PBXContainerItemProxy */;
		};
		FB1392AD2A4740B200CA5616 /* PBXTargetDependency */ = {
			isa = PBXTargetDependency;
			target = FB1392A22A4740B200CA5616 /* PopKitGenHelper */;
			targetProxy = FB1392AC2A4740B200CA5616 /* PBXContainerItemProxy */;
		};
		FB1392B92A4740CC00CA5616 /* PBXTargetDependency */ = {
			isa = PBXTargetDependency;
			target = FB1392A22A4740B200CA5616 /* PopKitGenHelper */;
			targetProxy = FB1392B82A4740CC00CA5616 /* PBXContainerItemProxy */;
		};
		FB1392E22A48A64E00CA5616 /* PBXTargetDependency */ = {
			isa = PBXTargetDependency;
			target = FB13924A2A47308600CA5616 /* PopKit */;
			targetProxy = FB1392E12A48A64E00CA5616 /* PBXContainerItemProxy */;
		};
/* End PBXTargetDependency section */

/* Begin XCBuildConfiguration section */
		FB13925B2A47308600CA5616 /* Debug */ = {
			isa = XCBuildConfiguration;
			buildSettings = {
				ALWAYS_SEARCH_USER_PATHS = NO;
				CLANG_ANALYZER_NONNULL = YES;
				CLANG_ANALYZER_NUMBER_OBJECT_CONVERSION = YES_AGGRESSIVE;
				CLANG_CXX_LANGUAGE_STANDARD = "gnu++20";
				CLANG_ENABLE_MODULES = YES;
				CLANG_ENABLE_OBJC_ARC = YES;
				CLANG_ENABLE_OBJC_WEAK = YES;
				CLANG_WARN_BLOCK_CAPTURE_AUTORELEASING = YES;
				CLANG_WARN_BOOL_CONVERSION = YES;
				CLANG_WARN_COMMA = YES;
				CLANG_WARN_CONSTANT_CONVERSION = YES;
				CLANG_WARN_DEPRECATED_OBJC_IMPLEMENTATIONS = YES;
				CLANG_WARN_DIRECT_OBJC_ISA_USAGE = YES_ERROR;
				CLANG_WARN_DOCUMENTATION_COMMENTS = YES;
				CLANG_WARN_EMPTY_BODY = YES;
				CLANG_WARN_ENUM_CONVERSION = YES;
				CLANG_WARN_INFINITE_RECURSION = YES;
				CLANG_WARN_INT_CONVERSION = YES;
				CLANG_WARN_NON_LITERAL_NULL_CONVERSION = YES;
				CLANG_WARN_OBJC_IMPLICIT_RETAIN_SELF = YES;
				CLANG_WARN_OBJC_LITERAL_CONVERSION = YES;
				CLANG_WARN_OBJC_ROOT_CLASS = YES_ERROR;
				CLANG_WARN_QUOTED_INCLUDE_IN_FRAMEWORK_HEADER = YES;
				CLANG_WARN_RANGE_LOOP_ANALYSIS = YES;
				CLANG_WARN_STRICT_PROTOTYPES = YES;
				CLANG_WARN_SUSPICIOUS_MOVE = YES;
				CLANG_WARN_UNGUARDED_AVAILABILITY = YES_AGGRESSIVE;
				CLANG_WARN_UNREACHABLE_CODE = YES;
				CLANG_WARN__DUPLICATE_METHOD_MATCH = YES;
				COPY_PHASE_STRIP = NO;
				CURRENT_PROJECT_VERSION = 1;
				DEBUG_INFORMATION_FORMAT = dwarf;
				ENABLE_STRICT_OBJC_MSGSEND = YES;
				ENABLE_TESTABILITY = YES;
				GCC_C_LANGUAGE_STANDARD = gnu11;
				GCC_DYNAMIC_NO_PIC = NO;
				GCC_NO_COMMON_BLOCKS = YES;
				GCC_OPTIMIZATION_LEVEL = 0;
				GCC_PREPROCESSOR_DEFINITIONS = (
					"DEBUG=1",
					"$(inherited)",
				);
				GCC_WARN_64_TO_32_BIT_CONVERSION = YES;
				GCC_WARN_ABOUT_RETURN_TYPE = YES_ERROR;
				GCC_WARN_UNDECLARED_SELECTOR = YES;
				GCC_WARN_UNINITIALIZED_AUTOS = YES_AGGRESSIVE;
				GCC_WARN_UNUSED_FUNCTION = YES;
				GCC_WARN_UNUSED_VARIABLE = YES;
				IPHONEOS_DEPLOYMENT_TARGET = 16.4;
				MTL_ENABLE_DEBUG_INFO = INCLUDE_SOURCE;
				MTL_FAST_MATH = YES;
				ONLY_ACTIVE_ARCH = YES;
				SDKROOT = iphoneos;
				SWIFT_ACTIVE_COMPILATION_CONDITIONS = DEBUG;
				SWIFT_OPTIMIZATION_LEVEL = "-Onone";
				VERSIONING_SYSTEM = "apple-generic";
				VERSION_INFO_PREFIX = "";
			};
			name = Debug;
		};
		FB13925C2A47308600CA5616 /* Release */ = {
			isa = XCBuildConfiguration;
			buildSettings = {
				ALWAYS_SEARCH_USER_PATHS = NO;
				CLANG_ANALYZER_NONNULL = YES;
				CLANG_ANALYZER_NUMBER_OBJECT_CONVERSION = YES_AGGRESSIVE;
				CLANG_CXX_LANGUAGE_STANDARD = "gnu++20";
				CLANG_ENABLE_MODULES = YES;
				CLANG_ENABLE_OBJC_ARC = YES;
				CLANG_ENABLE_OBJC_WEAK = YES;
				CLANG_WARN_BLOCK_CAPTURE_AUTORELEASING = YES;
				CLANG_WARN_BOOL_CONVERSION = YES;
				CLANG_WARN_COMMA = YES;
				CLANG_WARN_CONSTANT_CONVERSION = YES;
				CLANG_WARN_DEPRECATED_OBJC_IMPLEMENTATIONS = YES;
				CLANG_WARN_DIRECT_OBJC_ISA_USAGE = YES_ERROR;
				CLANG_WARN_DOCUMENTATION_COMMENTS = YES;
				CLANG_WARN_EMPTY_BODY = YES;
				CLANG_WARN_ENUM_CONVERSION = YES;
				CLANG_WARN_INFINITE_RECURSION = YES;
				CLANG_WARN_INT_CONVERSION = YES;
				CLANG_WARN_NON_LITERAL_NULL_CONVERSION = YES;
				CLANG_WARN_OBJC_IMPLICIT_RETAIN_SELF = YES;
				CLANG_WARN_OBJC_LITERAL_CONVERSION = YES;
				CLANG_WARN_OBJC_ROOT_CLASS = YES_ERROR;
				CLANG_WARN_QUOTED_INCLUDE_IN_FRAMEWORK_HEADER = YES;
				CLANG_WARN_RANGE_LOOP_ANALYSIS = YES;
				CLANG_WARN_STRICT_PROTOTYPES = YES;
				CLANG_WARN_SUSPICIOUS_MOVE = YES;
				CLANG_WARN_UNGUARDED_AVAILABILITY = YES_AGGRESSIVE;
				CLANG_WARN_UNREACHABLE_CODE = YES;
				CLANG_WARN__DUPLICATE_METHOD_MATCH = YES;
				COPY_PHASE_STRIP = NO;
				CURRENT_PROJECT_VERSION = 1;
				DEBUG_INFORMATION_FORMAT = "dwarf-with-dsym";
				ENABLE_NS_ASSERTIONS = NO;
				ENABLE_STRICT_OBJC_MSGSEND = YES;
				GCC_C_LANGUAGE_STANDARD = gnu11;
				GCC_NO_COMMON_BLOCKS = YES;
				GCC_WARN_64_TO_32_BIT_CONVERSION = YES;
				GCC_WARN_ABOUT_RETURN_TYPE = YES_ERROR;
				GCC_WARN_UNDECLARED_SELECTOR = YES;
				GCC_WARN_UNINITIALIZED_AUTOS = YES_AGGRESSIVE;
				GCC_WARN_UNUSED_FUNCTION = YES;
				GCC_WARN_UNUSED_VARIABLE = YES;
				IPHONEOS_DEPLOYMENT_TARGET = 16.4;
				MTL_ENABLE_DEBUG_INFO = NO;
				MTL_FAST_MATH = YES;
				SDKROOT = iphoneos;
				SWIFT_COMPILATION_MODE = wholemodule;
				SWIFT_OPTIMIZATION_LEVEL = "-O";
				VALIDATE_PRODUCT = YES;
				VERSIONING_SYSTEM = "apple-generic";
				VERSION_INFO_PREFIX = "";
			};
			name = Release;
		};
		FB13925E2A47308600CA5616 /* Debug */ = {
			isa = XCBuildConfiguration;
			buildSettings = {
				CLANG_ENABLE_MODULES = YES;
				CODE_SIGN_STYLE = Automatic;
				CURRENT_PROJECT_VERSION = 1;
				DEFINES_MODULE = YES;
				DYLIB_COMPATIBILITY_VERSION = 1;
				DYLIB_CURRENT_VERSION = 1;
				DYLIB_INSTALL_NAME_BASE = "@rpath";
				ENABLE_MODULE_VERIFIER = YES;
				GENERATE_INFOPLIST_FILE = YES;
				INFOPLIST_KEY_NSHumanReadableCopyright = "";
				INSTALL_PATH = "$(LOCAL_LIBRARY_DIR)/Frameworks";
				LD_RUNPATH_SEARCH_PATHS = (
					"$(inherited)",
					"@executable_path/Frameworks",
					"@loader_path/Frameworks",
				);
				MARKETING_VERSION = 1.0;
				MODULE_VERIFIER_SUPPORTED_LANGUAGES = "objective-c objective-c++";
				MODULE_VERIFIER_SUPPORTED_LANGUAGE_STANDARDS = "gnu11 gnu++20";
				PRODUCT_BUNDLE_IDENTIFIER = com.example.PopKit;
				PRODUCT_NAME = "$(TARGET_NAME:c99extidentifier)";
				SKIP_INSTALL = YES;
				SWIFT_EMIT_LOC_STRINGS = YES;
				SWIFT_OPTIMIZATION_LEVEL = "-Onone";
				SWIFT_VERSION = 5.0;
				TARGETED_DEVICE_FAMILY = "1,2";
			};
			name = Debug;
		};
		FB13925F2A47308600CA5616 /* Release */ = {
			isa = XCBuildConfiguration;
			buildSettings = {
				CLANG_ENABLE_MODULES = YES;
				CODE_SIGN_STYLE = Automatic;
				CURRENT_PROJECT_VERSION = 1;
				DEFINES_MODULE = YES;
				DYLIB_COMPATIBILITY_VERSION = 1;
				DYLIB_CURRENT_VERSION = 1;
				DYLIB_INSTALL_NAME_BASE = "@rpath";
				ENABLE_MODULE_VERIFIER = YES;
				GENERATE_INFOPLIST_FILE = YES;
				INFOPLIST_KEY_NSHumanReadableCopyright = "";
				INSTALL_PATH = "$(LOCAL_LIBRARY_DIR)/Frameworks";
				LD_RUNPATH_SEARCH_PATHS = (
					"$(inherited)",
					"@executable_path/Frameworks",
					"@loader_path/Frameworks",
				);
				MARKETING_VERSION = 1.0;
				MODULE_VERIFIER_SUPPORTED_LANGUAGES = "objective-c objective-c++";
				MODULE_VERIFIER_SUPPORTED_LANGUAGE_STANDARDS = "gnu11 gnu++20";
				PRODUCT_BUNDLE_IDENTIFIER = com.example.PopKit;
				PRODUCT_NAME = "$(TARGET_NAME:c99extidentifier)";
				SKIP_INSTALL = YES;
				SWIFT_EMIT_LOC_STRINGS = YES;
				SWIFT_VERSION = 5.0;
				TARGETED_DEVICE_FAMILY = "1,2";
			};
			name = Release;
		};
		FB1392612A47308600CA5616 /* Debug */ = {
			isa = XCBuildConfiguration;
			buildSettings = {
				ALWAYS_EMBED_SWIFT_STANDARD_LIBRARIES = YES;
				CODE_SIGN_STYLE = Automatic;
				CURRENT_PROJECT_VERSION = 1;
				GENERATE_INFOPLIST_FILE = YES;
				MARKETING_VERSION = 1.0;
				PRODUCT_BUNDLE_IDENTIFIER = com.example.PopKitTests;
				PRODUCT_NAME = "$(TARGET_NAME)";
				SWIFT_EMIT_LOC_STRINGS = NO;
				SWIFT_VERSION = 5.0;
				TARGETED_DEVICE_FAMILY = "1,2";
			};
			name = Debug;
		};
		FB1392622A47308600CA5616 /* Release */ = {
			isa = XCBuildConfiguration;
			buildSettings = {
				ALWAYS_EMBED_SWIFT_STANDARD_LIBRARIES = YES;
				CODE_SIGN_STYLE = Automatic;
				CURRENT_PROJECT_VERSION = 1;
				GENERATE_INFOPLIST_FILE = YES;
				MARKETING_VERSION = 1.0;
				PRODUCT_BUNDLE_IDENTIFIER = com.example.PopKitTests;
				PRODUCT_NAME = "$(TARGET_NAME)";
				SWIFT_EMIT_LOC_STRINGS = NO;
				SWIFT_VERSION = 5.0;
				TARGETED_DEVICE_FAMILY = "1,2";
			};
			name = Release;
		};
		FB1392722A47320000CA5616 /* Debug */ = {
			isa = XCBuildConfiguration;
			buildSettings = {
				ASSETCATALOG_COMPILER_APPICON_NAME = AppIcon;
				ASSETCATALOG_COMPILER_GLOBAL_ACCENT_COLOR_NAME = AccentColor;
				CODE_SIGN_STYLE = Automatic;
				CURRENT_PROJECT_VERSION = 1;
				DEVELOPMENT_ASSET_PATHS = "\"PopKitExample/Preview Content\"";
				ENABLE_PREVIEWS = YES;
				GENERATE_INFOPLIST_FILE = YES;
				INFOPLIST_KEY_UIApplicationSceneManifest_Generation = YES;
				INFOPLIST_KEY_UIApplicationSupportsIndirectInputEvents = YES;
				INFOPLIST_KEY_UILaunchScreen_Generation = YES;
				INFOPLIST_KEY_UISupportedInterfaceOrientations_iPad = "UIInterfaceOrientationPortrait UIInterfaceOrientationPortraitUpsideDown UIInterfaceOrientationLandscapeLeft UIInterfaceOrientationLandscapeRight";
				INFOPLIST_KEY_UISupportedInterfaceOrientations_iPhone = "UIInterfaceOrientationPortrait UIInterfaceOrientationLandscapeLeft UIInterfaceOrientationLandscapeRight";
				LD_RUNPATH_SEARCH_PATHS = (
					"$(inherited)",
					"@executable_path/Frameworks",
				);
				MARKETING_VERSION = 1.0;
				PRODUCT_BUNDLE_IDENTIFIER = com.example.PopKitExample;
				PRODUCT_NAME = "$(TARGET_NAME)";
				SWIFT_EMIT_LOC_STRINGS = YES;
				SWIFT_VERSION = 5.0;
				TARGETED_DEVICE_FAMILY = "1,2";
			};
			name = Debug;
		};
		FB1392732A47320000CA5616 /* Release */ = {
			isa = XCBuildConfiguration;
			buildSettings = {
				ASSETCATALOG_COMPILER_APPICON_NAME = AppIcon;
				ASSETCATALOG_COMPILER_GLOBAL_ACCENT_COLOR_NAME = AccentColor;
				CODE_SIGN_STYLE = Automatic;
				CURRENT_PROJECT_VERSION = 1;
				DEVELOPMENT_ASSET_PATHS = "\"PopKitExample/Preview Content\"";
				ENABLE_PREVIEWS = YES;
				GENERATE_INFOPLIST_FILE = YES;
				INFOPLIST_KEY_UIApplicationSceneManifest_Generation = YES;
				INFOPLIST_KEY_UIApplicationSupportsIndirectInputEvents = YES;
				INFOPLIST_KEY_UILaunchScreen_Generation = YES;
				INFOPLIST_KEY_UISupportedInterfaceOrientations_iPad = "UIInterfaceOrientationPortrait UIInterfaceOrientationPortraitUpsideDown UIInterfaceOrientationLandscapeLeft UIInterfaceOrientationLandscapeRight";
				INFOPLIST_KEY_UISupportedInterfaceOrientations_iPhone = "UIInterfaceOrientationPortrait UIInterfaceOrientationLandscapeLeft UIInterfaceOrientationLandscapeRight";
				LD_RUNPATH_SEARCH_PATHS = (
					"$(inherited)",
					"@executable_path/Frameworks",
				);
				MARKETING_VERSION = 1.0;
				PRODUCT_BUNDLE_IDENTIFIER = com.example.PopKitExample;
				PRODUCT_NAME = "$(TARGET_NAME)";
				SWIFT_EMIT_LOC_STRINGS = YES;
				SWIFT_VERSION = 5.0;
				TARGETED_DEVICE_FAMILY = "1,2";
			};
			name = Release;
		};
		FB13929C2A47408400CA5616 /* Debug */ = {
			isa = XCBuildConfiguration;
			buildSettings = {
				CODE_SIGN_STYLE = Automatic;
				MACOSX_DEPLOYMENT_TARGET = 13.3;
				PRODUCT_NAME = "$(TARGET_NAME)";
				SDKROOT = macosx;
				SWIFT_VERSION = 5.0;
			};
			name = Debug;
		};
		FB13929D2A47408400CA5616 /* Release */ = {
			isa = XCBuildConfiguration;
			buildSettings = {
				CODE_SIGN_STYLE = Automatic;
				MACOSX_DEPLOYMENT_TARGET = 13.3;
				PRODUCT_NAME = "$(TARGET_NAME)";
				SDKROOT = macosx;
				SWIFT_VERSION = 5.0;
			};
			name = Release;
		};
		FB1392B32A4740B200CA5616 /* Debug */ = {
			isa = XCBuildConfiguration;
			buildSettings = {
				CLANG_ENABLE_MODULES = YES;
				CODE_SIGN_STYLE = Automatic;
				COMBINE_HIDPI_IMAGES = YES;
				CURRENT_PROJECT_VERSION = 1;
				DEFINES_MODULE = YES;
				DYLIB_COMPATIBILITY_VERSION = 1;
				DYLIB_CURRENT_VERSION = 1;
				DYLIB_INSTALL_NAME_BASE = "@rpath";
				ENABLE_MODULE_VERIFIER = YES;
				GENERATE_INFOPLIST_FILE = YES;
				INFOPLIST_KEY_NSHumanReadableCopyright = "";
				INSTALL_PATH = "$(LOCAL_LIBRARY_DIR)/Frameworks";
				LD_RUNPATH_SEARCH_PATHS = (
					"$(inherited)",
					"@executable_path/../Frameworks",
					"@loader_path/Frameworks",
				);
				MACH_O_TYPE = staticlib;
				MACOSX_DEPLOYMENT_TARGET = 13.3;
				MARKETING_VERSION = 1.0;
				MODULE_VERIFIER_SUPPORTED_LANGUAGES = "objective-c objective-c++";
				MODULE_VERIFIER_SUPPORTED_LANGUAGE_STANDARDS = "gnu11 gnu++20";
				PRODUCT_BUNDLE_IDENTIFIER = com.example.PopKitGenHelper;
				PRODUCT_NAME = "$(TARGET_NAME:c99extidentifier)";
				SDKROOT = macosx;
				SKIP_INSTALL = YES;
				SWIFT_EMIT_LOC_STRINGS = YES;
				SWIFT_OPTIMIZATION_LEVEL = "-Onone";
				SWIFT_VERSION = 5.0;
			};
			name = Debug;
		};
		FB1392B42A4740B200CA5616 /* Release */ = {
			isa = XCBuildConfiguration;
			buildSettings = {
				CLANG_ENABLE_MODULES = YES;
				CODE_SIGN_STYLE = Automatic;
				COMBINE_HIDPI_IMAGES = YES;
				CURRENT_PROJECT_VERSION = 1;
				DEFINES_MODULE = YES;
				DYLIB_COMPATIBILITY_VERSION = 1;
				DYLIB_CURRENT_VERSION = 1;
				DYLIB_INSTALL_NAME_BASE = "@rpath";
				ENABLE_MODULE_VERIFIER = YES;
				GENERATE_INFOPLIST_FILE = YES;
				INFOPLIST_KEY_NSHumanReadableCopyright = "";
				INSTALL_PATH = "$(LOCAL_LIBRARY_DIR)/Frameworks";
				LD_RUNPATH_SEARCH_PATHS = (
					"$(inherited)",
					"@executable_path/../Frameworks",
					"@loader_path/Frameworks",
				);
				MACH_O_TYPE = staticlib;
				MACOSX_DEPLOYMENT_TARGET = 13.3;
				MARKETING_VERSION = 1.0;
				MODULE_VERIFIER_SUPPORTED_LANGUAGES = "objective-c objective-c++";
				MODULE_VERIFIER_SUPPORTED_LANGUAGE_STANDARDS = "gnu11 gnu++20";
				PRODUCT_BUNDLE_IDENTIFIER = com.example.PopKitGenHelper;
				PRODUCT_NAME = "$(TARGET_NAME:c99extidentifier)";
				SDKROOT = macosx;
				SKIP_INSTALL = YES;
				SWIFT_EMIT_LOC_STRINGS = YES;
				SWIFT_VERSION = 5.0;
			};
			name = Release;
		};
		FB1392B62A4740B200CA5616 /* Debug */ = {
			isa = XCBuildConfiguration;
			buildSettings = {
				ALWAYS_EMBED_SWIFT_STANDARD_LIBRARIES = YES;
				CODE_SIGN_STYLE = Automatic;
				CURRENT_PROJECT_VERSION = 1;
				GENERATE_INFOPLIST_FILE = YES;
				MACOSX_DEPLOYMENT_TARGET = 13.3;
				MARKETING_VERSION = 1.0;
				PRODUCT_BUNDLE_IDENTIFIER = com.example.PopKitGenHelperTests;
				PRODUCT_NAME = "$(TARGET_NAME)";
				SDKROOT = macosx;
				SWIFT_EMIT_LOC_STRINGS = NO;
				SWIFT_VERSION = 5.0;
			};
			name = Debug;
		};
		FB1392B72A4740B200CA5616 /* Release */ = {
			isa = XCBuildConfiguration;
			buildSettings = {
				ALWAYS_EMBED_SWIFT_STANDARD_LIBRARIES = YES;
				CODE_SIGN_STYLE = Automatic;
				CURRENT_PROJECT_VERSION = 1;
				GENERATE_INFOPLIST_FILE = YES;
				MACOSX_DEPLOYMENT_TARGET = 13.3;
				MARKETING_VERSION = 1.0;
				PRODUCT_BUNDLE_IDENTIFIER = com.example.PopKitGenHelperTests;
				PRODUCT_NAME = "$(TARGET_NAME)";
				SDKROOT = macosx;
				SWIFT_EMIT_LOC_STRINGS = NO;
				SWIFT_VERSION = 5.0;
			};
			name = Release;
		};
/* End XCBuildConfiguration section */

/* Begin XCConfigurationList section */
		FB1392452A47308600CA5616 /* Build configuration list for PBXProject "PopKit" */ = {
			isa = XCConfigurationList;
			buildConfigurations = (
				FB13925B2A47308600CA5616 /* Debug */,
				FB13925C2A47308600CA5616 /* Release */,
			);
			defaultConfigurationIsVisible = 0;
			defaultConfigurationName = Release;
		};
		FB13925D2A47308600CA5616 /* Build configuration list for PBXNativeTarget "PopKit" */ = {
			isa = XCConfigurationList;
			buildConfigurations = (
				FB13925E2A47308600CA5616 /* Debug */,
				FB13925F2A47308600CA5616 /* Release */,
			);
			defaultConfigurationIsVisible = 0;
			defaultConfigurationName = Release;
		};
		FB1392602A47308600CA5616 /* Build configuration list for PBXNativeTarget "PopKitTests" */ = {
			isa = XCConfigurationList;
			buildConfigurations = (
				FB1392612A47308600CA5616 /* Debug */,
				FB1392622A47308600CA5616 /* Release */,
			);
			defaultConfigurationIsVisible = 0;
			defaultConfigurationName = Release;
		};
		FB1392742A47320000CA5616 /* Build configuration list for PBXNativeTarget "PopKitExample" */ = {
			isa = XCConfigurationList;
			buildConfigurations = (
				FB1392722A47320000CA5616 /* Debug */,
				FB1392732A47320000CA5616 /* Release */,
			);
			defaultConfigurationIsVisible = 0;
			defaultConfigurationName = Release;
		};
		FB13929B2A47408400CA5616 /* Build configuration list for PBXNativeTarget "PopKitGen" */ = {
			isa = XCConfigurationList;
			buildConfigurations = (
				FB13929C2A47408400CA5616 /* Debug */,
				FB13929D2A47408400CA5616 /* Release */,
			);
			defaultConfigurationIsVisible = 0;
			defaultConfigurationName = Release;
		};
		FB1392B22A4740B200CA5616 /* Build configuration list for PBXNativeTarget "PopKitGenHelper" */ = {
			isa = XCConfigurationList;
			buildConfigurations = (
				FB1392B32A4740B200CA5616 /* Debug */,
				FB1392B42A4740B200CA5616 /* Release */,
			);
			defaultConfigurationIsVisible = 0;
			defaultConfigurationName = Release;
		};
		FB1392B52A4740B200CA5616 /* Build configuration list for PBXNativeTarget "PopKitGenHelperTests" */ = {
			isa = XCConfigurationList;
			buildConfigurations = (
				FB1392B62A4740B200CA5616 /* Debug */,
				FB1392B72A4740B200CA5616 /* Release */,
			);
			defaultConfigurationIsVisible = 0;
			defaultConfigurationName = Release;
		};
/* End XCConfigurationList section */
	};
	rootObject = FB1392422A47308600CA5616 /* Project object */;
}
